
Microsoft Visual Studio Solution File, Format Version 12.00
# Visual Studio 14
VisualStudioVersion = 14.0.23107.0
MinimumVisualStudioVersion = 10.0.40219.1
Project("{FAE04EC0-301F-11D3-BF4B-00C04F79EFBC}") = "Epam_MVCTask1_ByAleksieiev_DAL", "Epam_MVCTask1_ByAleksieiev_DAL\Epam_MVCTask1_ByAleksieiev_DAL.csproj", "{9A8F043B-4092-4638-926E-464242C420CA}"
EndProject
Project("{FAE04EC0-301F-11D3-BF4B-00C04F79EFBC}") = "Epam_MVCTask1_ByAleksieiev_BLL", "Epam_MVCTask1_ByAleksieiev_BLL\Epam_MVCTask1_ByAleksieiev_BLL.csproj", "{22188218-5048-4E8E-919A-C30CF422733A}"
EndProject
Project("{FAE04EC0-301F-11D3-BF4B-00C04F79EFBC}") = "Epam_MVCTask1_ByAleksieiev_WEB", "Epam_MVCTask1_ByAleksieiev_WEB\Epam_MVCTask1_ByAleksieiev_WEB.csproj", "{208702E2-BBD9-47D8-A707-637D3699F52A}"
EndProject
Global
	GlobalSection(SolutionConfigurationPlatforms) = preSolution
		Debug|Any CPU = Debug|Any CPU
		Release|Any CPU = Release|Any CPU
	EndGlobalSection
	GlobalSection(ProjectConfigurationPlatforms) = postSolution
		{9A8F043B-4092-4638-926E-464242C420CA}.Debug|Any CPU.ActiveCfg = Debug|Any CPU
		{9A8F043B-4092-4638-926E-464242C420CA}.Debug|Any CPU.Build.0 = Debug|Any CPU
		{9A8F043B-4092-4638-926E-464242C420CA}.Release|Any CPU.ActiveCfg = Release|Any CPU
		{9A8F043B-4092-4638-926E-464242C420CA}.Release|Any CPU.Build.0 = Release|Any CPU
		{22188218-5048-4E8E-919A-C30CF422733A}.Debug|Any CPU.ActiveCfg = Debug|Any CPU
		{22188218-5048-4E8E-919A-C30CF422733A}.Debug|Any CPU.Build.0 = Debug|Any CPU
		{22188218-5048-4E8E-919A-C30CF422733A}.Release|Any CPU.ActiveCfg = Release|Any CPU
		{22188218-5048-4E8E-919A-C30CF422733A}.Release|Any CPU.Build.0 = Release|Any CPU
		{208702E2-BBD9-47D8-A707-637D3699F52A}.Debug|Any CPU.ActiveCfg = Debug|Any CPU
		{208702E2-BBD9-47D8-A707-637D3699F52A}.Debug|Any CPU.Build.0 = Debug|Any CPU
		{208702E2-BBD9-47D8-A707-637D3699F52A}.Release|Any CPU.ActiveCfg = Release|Any CPU
		{208702E2-BBD9-47D8-A707-637D3699F52A}.Release|Any CPU.Build.0 = Release|Any CPU
	EndGlobalSection
	GlobalSection(SolutionProperties) = preSolution
		HideSolutionNode = FALSE
	EndGlobalSection
EndGlobal
